
Microsoft Visual Studio Solution File, Format Version 12.00
# Visual Studio Version 17
VisualStudioVersion = 17.14.36429.23 d17.14
MinimumVisualStudioVersion = 10.0.40219.1
Project("{FAE04EC0-301F-11D3-BF4B-00C04F79EFBC}") = "Day 2", "Day 2\Day 2.csproj", "{2672CFC2-C8F7-4BBE-989E-1A8D1DA2F1A2}"
EndProject
Global
	GlobalSection(SolutionConfigurationPlatforms) = preSolution
		Debug|Any CPU = Debug|Any CPU
		Release|Any CPU = Release|Any CPU
	EndGlobalSection
	GlobalSection(ProjectConfigurationPlatforms) = postSolution
		{2672CFC2-C8F7-4BBE-989E-1A8D1DA2F1A2}.Debug|Any CPU.ActiveCfg = Debug|Any CPU
		{2672CFC2-C8F7-4BBE-989E-1A8D1DA2F1A2}.Debug|Any CPU.Build.0 = Debug|Any CPU
		{2672CFC2-C8F7-4BBE-989E-1A8D1DA2F1A2}.Release|Any CPU.ActiveCfg = Release|Any CPU
		{2672CFC2-C8F7-4BBE-989E-1A8D1DA2F1A2}.Release|Any CPU.Build.0 = Release|Any CPU
	EndGlobalSection
	GlobalSection(SolutionProperties) = preSolution
		HideSolutionNode = FALSE
	EndGlobalSection
	GlobalSection(ExtensibilityGlobals) = postSolution
		SolutionGuid = {31C3E53C-1735-49C6-B63D-489C659D6819}
	EndGlobalSection
EndGlobal
