
Microsoft Visual Studio Solution File, Format Version 12.00
# Visual Studio Version 17
VisualStudioVersion = 17.14.36429.23 d17.14
MinimumVisualStudioVersion = 10.0.40219.1
Project("{FAE04EC0-301F-11D3-BF4B-00C04F79EFBC}") = "Day 1 Task", "Day 1 Task\Day 1 Task.csproj", "{06C8D4C0-7A30-4CD1-9246-70A6DAA9C177}"
EndProject
Global
	GlobalSection(SolutionConfigurationPlatforms) = preSolution
		Debug|Any CPU = Debug|Any CPU
		Release|Any CPU = Release|Any CPU
	EndGlobalSection
	GlobalSection(ProjectConfigurationPlatforms) = postSolution
		{06C8D4C0-7A30-4CD1-9246-70A6DAA9C177}.Debug|Any CPU.ActiveCfg = Debug|Any CPU
		{06C8D4C0-7A30-4CD1-9246-70A6DAA9C177}.Debug|Any CPU.Build.0 = Debug|Any CPU
		{06C8D4C0-7A30-4CD1-9246-70A6DAA9C177}.Release|Any CPU.ActiveCfg = Release|Any CPU
		{06C8D4C0-7A30-4CD1-9246-70A6DAA9C177}.Release|Any CPU.Build.0 = Release|Any CPU
	EndGlobalSection
	GlobalSection(SolutionProperties) = preSolution
		HideSolutionNode = FALSE
	EndGlobalSection
	GlobalSection(ExtensibilityGlobals) = postSolution
		SolutionGuid = {BEA8A9F8-92AC-4B19-9A87-FD92FC78FAEA}
	EndGlobalSection
EndGlobal
